// !$*UTF8*$!
{
	archiveVersion = 1;
	classes = {
	};
	objectVersion = 50;
	objects = {

/* Begin PBXBuildFile section */
		3955AEE42774C48C00B33B3C /* AppDelegate.swift in Sources */ = {isa = PBXBuildFile; fileRef = 3955AEE32774C48C00B33B3C /* AppDelegate.swift */; };
		3955AEE62774C48C00B33B3C /* SceneDelegate.swift in Sources */ = {isa = PBXBuildFile; fileRef = 3955AEE52774C48C00B33B3C /* SceneDelegate.swift */; };
		3955AEE82774C48C00B33B3C /* ViewController.swift in Sources */ = {isa = PBXBuildFile; fileRef = 3955AEE72774C48C00B33B3C /* ViewController.swift */; };
		3955AEEB2774C48C00B33B3C /* Main.storyboard in Resources */ = {isa = PBXBuildFile; fileRef = 3955AEE92774C48C00B33B3C /* Main.storyboard */; };
		3955AEED2774C49600B33B3C /* Assets.xcassets in Resources */ = {isa = PBXBuildFile; fileRef = 3955AEEC2774C49600B33B3C /* Assets.xcassets */; };
		3955AEF02774C49600B33B3C /* LaunchScreen.storyboard in Resources */ = {isa = PBXBuildFile; fileRef = 3955AEEE2774C49600B33B3C /* LaunchScreen.storyboard */; };
		3955AEFB2774C49700B33B3C /* CoresAppTests.swift in Sources */ = {isa = PBXBuildFile; fileRef = 3955AEFA2774C49700B33B3C /* CoresAppTests.swift */; };
		3955AF062774C49700B33B3C /* CoresAppUITests.swift in Sources */ = {isa = PBXBuildFile; fileRef = 3955AF052774C49700B33B3C /* CoresAppUITests.swift */; };
/* End PBXBuildFile section */

/* Begin PBXContainerItemProxy section */
		3955AEF72774C49700B33B3C /* PBXContainerItemProxy */ = {
			isa = PBXContainerItemProxy;
			containerPortal = 3955AED82774C48B00B33B3C /* Project object */;
			proxyType = 1;
			remoteGlobalIDString = 3955AEDF2774C48B00B33B3C;
			remoteInfo = CoresApp;
		};
		3955AF022774C49700B33B3C /* PBXContainerItemProxy */ = {
			isa = PBXContainerItemProxy;
			containerPortal = 3955AED82774C48B00B33B3C /* Project object */;
			proxyType = 1;
			remoteGlobalIDString = 3955AEDF2774C48B00B33B3C;
			remoteInfo = CoresApp;
		};
/* End PBXContainerItemProxy section */

/* Begin PBXFileReference section */
		3955AEE02774C48B00B33B3C /* CoresApp.app */ = {isa = PBXFileReference; explicitFileType = wrapper.application; includeInIndex = 0; path = CoresApp.app; sourceTree = BUILT_PRODUCTS_DIR; };
		3955AEE32774C48C00B33B3C /* AppDelegate.swift */ = {isa = PBXFileReference; lastKnownFileType = sourcecode.swift; path = AppDelegate.swift; sourceTree = "<group>"; };
		3955AEE52774C48C00B33B3C /* SceneDelegate.swift */ = {isa = PBXFileReference; lastKnownFileType = sourcecode.swift; path = SceneDelegate.swift; sourceTree = "<group>"; };
		3955AEE72774C48C00B33B3C /* ViewController.swift */ = {isa = PBXFileReference; lastKnownFileType = sourcecode.swift; path = ViewController.swift; sourceTree = "<group>"; };
		3955AEEA2774C48C00B33B3C /* Base */ = {isa = PBXFileReference; lastKnownFileType = file.storyboard; name = Base; path = Base.lproj/Main.storyboard; sourceTree = "<group>"; };
		3955AEEC2774C49600B33B3C /* Assets.xcassets */ = {isa = PBXFileReference; lastKnownFileType = folder.assetcatalog; path = Assets.xcassets; sourceTree = "<group>"; };
		3955AEEF2774C49600B33B3C /* Base */ = {isa = PBXFileReference; lastKnownFileType = file.storyboard; name = Base; path = Base.lproj/LaunchScreen.storyboard; sourceTree = "<group>"; };
		3955AEF12774C49600B33B3C /* Info.plist */ = {isa = PBXFileReference; lastKnownFileType = text.plist.xml; path = Info.plist; sourceTree = "<group>"; };
		3955AEF62774C49700B33B3C /* CoresAppTests.xctest */ = {isa = PBXFileReference; explicitFileType = wrapper.cfbundle; includeInIndex = 0; path = CoresAppTests.xctest; sourceTree = BUILT_PRODUCTS_DIR; };
		3955AEFA2774C49700B33B3C /* CoresAppTests.swift */ = {isa = PBXFileReference; lastKnownFileType = sourcecode.swift; path = CoresAppTests.swift; sourceTree = "<group>"; };
		3955AEFC2774C49700B33B3C /* Info.plist */ = {isa = PBXFileReference; lastKnownFileType = text.plist.xml; path = Info.plist; sourceTree = "<group>"; };
		3955AF012774C49700B33B3C /* CoresAppUITests.xctest */ = {isa = PBXFileReference; explicitFileType = wrapper.cfbundle; includeInIndex = 0; path = CoresAppUITests.xctest; sourceTree = BUILT_PRODUCTS_DIR; };
		3955AF052774C49700B33B3C /* CoresAppUITests.swift */ = {isa = PBXFileReference; lastKnownFileType = sourcecode.swift; path = CoresAppUITests.swift; sourceTree = "<group>"; };
		3955AF072774C49700B33B3C /* Info.plist */ = {isa = PBXFileReference; lastKnownFileType = text.plist.xml; path = Info.plist; sourceTree = "<group>"; };
/* End PBXFileReference section */

/* Begin PBXFrameworksBuildPhase section */
		3955AEDD2774C48B00B33B3C /* Frameworks */ = {
			isa = PBXFrameworksBuildPhase;
			buildActionMask = 2147483647;
			files = (
			);
			runOnlyForDeploymentPostprocessing = 0;
		};
		3955AEF32774C49700B33B3C /* Frameworks */ = {
			isa = PBXFrameworksBuildPhase;
			buildActionMask = 2147483647;
			files = (
			);
			runOnlyForDeploymentPostprocessing = 0;
		};
		3955AEFE2774C49700B33B3C /* Frameworks */ = {
			isa = PBXFrameworksBuildPhase;
			buildActionMask = 2147483647;
			files = (
			);
			runOnlyForDeploymentPostprocessing = 0;
		};
/* End PBXFrameworksBuildPhase section */

/* Begin PBXGroup section */
		3955AED72774C48B00B33B3C = {
			isa = PBXGroup;
			children = (
				3955AEE22774C48B00B33B3C /* CoresApp */,
				3955AEF92774C49700B33B3C /* CoresAppTests */,
				3955AF042774C49700B33B3C /* CoresAppUITests */,
				3955AEE12774C48B00B33B3C /* Products */,
			);
			sourceTree = "<group>";
		};
		3955AEE12774C48B00B33B3C /* Products */ = {
			isa = PBXGroup;
			children = (
				3955AEE02774C48B00B33B3C /* CoresApp.app */,
				3955AEF62774C49700B33B3C /* CoresAppTests.xctest */,
				3955AF012774C49700B33B3C /* CoresAppUITests.xctest */,
			);
			name = Products;
			sourceTree = "<group>";
		};
		3955AEE22774C48B00B33B3C /* CoresApp */ = {
			isa = PBXGroup;
			children = (
				3955AEE32774C48C00B33B3C /* AppDelegate.swift */,
				3955AEE52774C48C00B33B3C /* SceneDelegate.swift */,
				3955AEE72774C48C00B33B3C /* ViewController.swift */,
				3955AEE92774C48C00B33B3C /* Main.storyboard */,
				3955AEEC2774C49600B33B3C /* Assets.xcassets */,
				3955AEEE2774C49600B33B3C /* LaunchScreen.storyboard */,
				3955AEF12774C49600B33B3C /* Info.plist */,
			);
			path = CoresApp;
			sourceTree = "<group>";
		};
		3955AEF92774C49700B33B3C /* CoresAppTests */ = {
			isa = PBXGroup;
			children = (
				3955AEFA2774C49700B33B3C /* CoresAppTests.swift */,
				3955AEFC2774C49700B33B3C /* Info.plist */,
			);
			path = CoresAppTests;
			sourceTree = "<group>";
		};
		3955AF042774C49700B33B3C /* CoresAppUITests */ = {
			isa = PBXGroup;
			children = (
				3955AF052774C49700B33B3C /* CoresAppUITests.swift */,
				3955AF072774C49700B33B3C /* Info.plist */,
			);
			path = CoresAppUITests;
			sourceTree = "<group>";
		};
/* End PBXGroup section */

/* Begin PBXNativeTarget section */
		3955AEDF2774C48B00B33B3C /* CoresApp */ = {
			isa = PBXNativeTarget;
			buildConfigurationList = 3955AF0A2774C49700B33B3C /* Build configuration list for PBXNativeTarget "CoresApp" */;
			buildPhases = (
				3955AEDC2774C48B00B33B3C /* Sources */,
				3955AEDD2774C48B00B33B3C /* Frameworks */,
				3955AEDE2774C48B00B33B3C /* Resources */,
			);
			buildRules = (
			);
			dependencies = (
			);
			name = CoresApp;
			productName = CoresApp;
			productReference = 3955AEE02774C48B00B33B3C /* CoresApp.app */;
			productType = "com.apple.product-type.application";
		};
		3955AEF52774C49700B33B3C /* CoresAppTests */ = {
			isa = PBXNativeTarget;
			buildConfigurationList = 3955AF0D2774C49700B33B3C /* Build configuration list for PBXNativeTarget "CoresAppTests" */;
			buildPhases = (
				3955AEF22774C49700B33B3C /* Sources */,
				3955AEF32774C49700B33B3C /* Frameworks */,
				3955AEF42774C49700B33B3C /* Resources */,
			);
			buildRules = (
			);
			dependencies = (
				3955AEF82774C49700B33B3C /* PBXTargetDependency */,
			);
			name = CoresAppTests;
			productName = CoresAppTests;
			productReference = 3955AEF62774C49700B33B3C /* CoresAppTests.xctest */;
			productType = "com.apple.product-type.bundle.unit-test";
		};
		3955AF002774C49700B33B3C /* CoresAppUITests */ = {
			isa = PBXNativeTarget;
			buildConfigurationList = 3955AF102774C49700B33B3C /* Build configuration list for PBXNativeTarget "CoresAppUITests" */;
			buildPhases = (
				3955AEFD2774C49700B33B3C /* Sources */,
				3955AEFE2774C49700B33B3C /* Frameworks */,
				3955AEFF2774C49700B33B3C /* Resources */,
			);
			buildRules = (
			);
			dependencies = (
				3955AF032774C49700B33B3C /* PBXTargetDependency */,
			);
			name = CoresAppUITests;
			productName = CoresAppUITests;
			productReference = 3955AF012774C49700B33B3C /* CoresAppUITests.xctest */;
			productType = "com.apple.product-type.bundle.ui-testing";
		};
/* End PBXNativeTarget section */

/* Begin PBXProject section */
		3955AED82774C48B00B33B3C /* Project object */ = {
			isa = PBXProject;
			attributes = {
				LastSwiftUpdateCheck = 1240;
				LastUpgradeCheck = 1240;
				TargetAttributes = {
					3955AEDF2774C48B00B33B3C = {
						CreatedOnToolsVersion = 12.4;
					};
					3955AEF52774C49700B33B3C = {
						CreatedOnToolsVersion = 12.4;
						TestTargetID = 3955AEDF2774C48B00B33B3C;
					};
					3955AF002774C49700B33B3C = {
						CreatedOnToolsVersion = 12.4;
						TestTargetID = 3955AEDF2774C48B00B33B3C;
					};
				};
			};
			buildConfigurationList = 3955AEDB2774C48B00B33B3C /* Build configuration list for PBXProject "CoresApp" */;
			compatibilityVersion = "Xcode 9.3";
			developmentRegion = en;
			hasScannedForEncodings = 0;
			knownRegions = (
				en,
				Base,
			);
			mainGroup = 3955AED72774C48B00B33B3C;
			productRefGroup = 3955AEE12774C48B00B33B3C /* Products */;
			projectDirPath = "";
			projectRoot = "";
			targets = (
				3955AEDF2774C48B00B33B3C /* CoresApp */,
				3955AEF52774C49700B33B3C /* CoresAppTests */,
				3955AF002774C49700B33B3C /* CoresAppUITests */,
			);
		};
/* End PBXProject section */

/* Begin PBXResourcesBuildPhase section */
		3955AEDE2774C48B00B33B3C /* Resources */ = {
			isa = PBXResourcesBuildPhase;
			buildActionMask = 2147483647;
			files = (
				3955AEF02774C49600B33B3C /* LaunchScreen.storyboard in Resources */,
				3955AEED2774C49600B33B3C /* Assets.xcassets in Resources */,
				3955AEEB2774C48C00B33B3C /* Main.storyboard in Resources */,
			);
			runOnlyForDeploymentPostprocessing = 0;
		};
		3955AEF42774C49700B33B3C /* Resources */ = {
			isa = PBXResourcesBuildPhase;
			buildActionMask = 2147483647;
			files = (
			);
			runOnlyForDeploymentPostprocessing = 0;
		};
		3955AEFF2774C49700B33B3C /* Resources */ = {
			isa = PBXResourcesBuildPhase;
			buildActionMask = 2147483647;
			files = (
			);
			runOnlyForDeploymentPostprocessing = 0;
		};
/* End PBXResourcesBuildPhase section */

/* Begin PBXSourcesBuildPhase section */
		3955AEDC2774C48B00B33B3C /* Sources */ = {
			isa = PBXSourcesBuildPhase;
			buildActionMask = 2147483647;
			files = (
				3955AEE82774C48C00B33B3C /* ViewController.swift in Sources */,
				3955AEE42774C48C00B33B3C /* AppDelegate.swift in Sources */,
				3955AEE62774C48C00B33B3C /* SceneDelegate.swift in Sources */,
			);
			runOnlyForDeploymentPostprocessing = 0;
		};
		3955AEF22774C49700B33B3C /* Sources */ = {
			isa = PBXSourcesBuildPhase;
			buildActionMask = 2147483647;
			files = (
				3955AEFB2774C49700B33B3C /* CoresAppTests.swift in Sources */,
			);
			runOnlyForDeploymentPostprocessing = 0;
		};
		3955AEFD2774C49700B33B3C /* Sources */ = {
			isa = PBXSourcesBuildPhase;
			buildActionMask = 2147483647;
			files = (
				3955AF062774C49700B33B3C /* CoresAppUITests.swift in Sources */,
			);
			runOnlyForDeploymentPostprocessing = 0;
		};
/* End PBXSourcesBuildPhase section */

/* Begin PBXTargetDependency section */
		3955AEF82774C49700B33B3C /* PBXTargetDependency */ = {
			isa = PBXTargetDependency;
			target = 3955AEDF2774C48B00B33B3C /* CoresApp */;
			targetProxy = 3955AEF72774C49700B33B3C /* PBXContainerItemProxy */;
		};
		3955AF032774C49700B33B3C /* PBXTargetDependency */ = {
			isa = PBXTargetDependency;
			target = 3955AEDF2774C48B00B33B3C /* CoresApp */;
			targetProxy = 3955AF022774C49700B33B3C /* PBXContainerItemProxy */;
		};
/* End PBXTargetDependency section */

/* Begin PBXVariantGroup section */
		3955AEE92774C48C00B33B3C /* Main.storyboard */ = {
			isa = PBXVariantGroup;
			children = (
				3955AEEA2774C48C00B33B3C /* Base */,
			);
			name = Main.storyboard;
			sourceTree = "<group>";
		};
		3955AEEE2774C49600B33B3C /* LaunchScreen.storyboard */ = {
			isa = PBXVariantGroup;
			children = (
				3955AEEF2774C49600B33B3C /* Base */,
			);
			name = LaunchScreen.storyboard;
			sourceTree = "<group>";
		};
/* End PBXVariantGroup section */

/* Begin XCBuildConfiguration section */
		3955AF082774C49700B33B3C /* Debug */ = {
			isa = XCBuildConfiguration;
			buildSettings = {
				ALWAYS_SEARCH_USER_PATHS = NO;
				CLANG_ANALYZER_NONNULL = YES;
				CLANG_ANALYZER_NUMBER_OBJECT_CONVERSION = YES_AGGRESSIVE;
				CLANG_CXX_LANGUAGE_STANDARD = "gnu++14";
				CLANG_CXX_LIBRARY = "libc++";
				CLANG_ENABLE_MODULES = YES;
				CLANG_ENABLE_OBJC_ARC = YES;
				CLANG_ENABLE_OBJC_WEAK = YES;
				CLANG_WARN_BLOCK_CAPTURE_AUTORELEASING = YES;
				CLANG_WARN_BOOL_CONVERSION = YES;
				CLANG_WARN_COMMA = YES;
				CLANG_WARN_CONSTANT_CONVERSION = YES;
				CLANG_WARN_DEPRECATED_OBJC_IMPLEMENTATIONS = YES;
				CLANG_WARN_DIRECT_OBJC_ISA_USAGE = YES_ERROR;
				CLANG_WARN_DOCUMENTATION_COMMENTS = YES;
				CLANG_WARN_EMPTY_BODY = YES;
				CLANG_WARN_ENUM_CONVERSION = YES;
				CLANG_WARN_INFINITE_RECURSION = YES;
				CLANG_WARN_INT_CONVERSION = YES;
				CLANG_WARN_NON_LITERAL_NULL_CONVERSION = YES;
				CLANG_WARN_OBJC_IMPLICIT_RETAIN_SELF = YES;
				CLANG_WARN_OBJC_LITERAL_CONVERSION = YES;
				CLANG_WARN_OBJC_ROOT_CLASS = YES_ERROR;
				CLANG_WARN_QUOTED_INCLUDE_IN_FRAMEWORK_HEADER = YES;
				CLANG_WARN_RANGE_LOOP_ANALYSIS = YES;
				CLANG_WARN_STRICT_PROTOTYPES = YES;
				CLANG_WARN_SUSPICIOUS_MOVE = YES;
				CLANG_WARN_UNGUARDED_AVAILABILITY = YES_AGGRESSIVE;
				CLANG_WARN_UNREACHABLE_CODE = YES;
				CLANG_WARN__DUPLICATE_METHOD_MATCH = YES;
				COPY_PHASE_STRIP = NO;
				DEBUG_INFORMATION_FORMAT = dwarf;
				ENABLE_STRICT_OBJC_MSGSEND = YES;
				ENABLE_TESTABILITY = YES;
				GCC_C_LANGUAGE_STANDARD = gnu11;
				GCC_DYNAMIC_NO_PIC = NO;
				GCC_NO_COMMON_BLOCKS = YES;
				GCC_OPTIMIZATION_LEVEL = 0;
				GCC_PREPROCESSOR_DEFINITIONS = (
					"DEBUG=1",
					"$(inherited)",
				);
				GCC_WARN_64_TO_32_BIT_CONVERSION = YES;
				GCC_WARN_ABOUT_RETURN_TYPE = YES_ERROR;
				GCC_WARN_UNDECLARED_SELECTOR = YES;
				GCC_WARN_UNINITIALIZED_AUTOS = YES_AGGRESSIVE;
				GCC_WARN_UNUSED_FUNCTION = YES;
				GCC_WARN_UNUSED_VARIABLE = YES;
				IPHONEOS_DEPLOYMENT_TARGET = 14.4;
				MTL_ENABLE_DEBUG_INFO = INCLUDE_SOURCE;
				MTL_FAST_MATH = YES;
				ONLY_ACTIVE_ARCH = YES;
				SDKROOT = iphoneos;
				SWIFT_ACTIVE_COMPILATION_CONDITIONS = DEBUG;
				SWIFT_OPTIMIZATION_LEVEL = "-Onone";
			};
			name = Debug;
		};
		3955AF092774C49700B33B3C /* Release */ = {
			isa = XCBuildConfiguration;
			buildSettings = {
				ALWAYS_SEARCH_USER_PATHS = NO;
				CLANG_ANALYZER_NONNULL = YES;
				CLANG_ANALYZER_NUMBER_OBJECT_CONVERSION = YES_AGGRESSIVE;
				CLANG_CXX_LANGUAGE_STANDARD = "gnu++14";
				CLANG_CXX_LIBRARY = "libc++";
				CLANG_ENABLE_MODULES = YES;
				CLANG_ENABLE_OBJC_ARC = YES;
				CLANG_ENABLE_OBJC_WEAK = YES;
				CLANG_WARN_BLOCK_CAPTURE_AUTORELEASING = YES;
				CLANG_WARN_BOOL_CONVERSION = YES;
				CLANG_WARN_COMMA = YES;
				CLANG_WARN_CONSTANT_CONVERSION = YES;
				CLANG_WARN_DEPRECATED_OBJC_IMPLEMENTATIONS = YES;
				CLANG_WARN_DIRECT_OBJC_ISA_USAGE = YES_ERROR;
				CLANG_WARN_DOCUMENTATION_COMMENTS = YES;
				CLANG_WARN_EMPTY_BODY = YES;
				CLANG_WARN_ENUM_CONVERSION = YES;
				CLANG_WARN_INFINITE_RECURSION = YES;
				CLANG_WARN_INT_CONVERSION = YES;
				CLANG_WARN_NON_LITERAL_NULL_CONVERSION = YES;
				CLANG_WARN_OBJC_IMPLICIT_RETAIN_SELF = YES;
				CLANG_WARN_OBJC_LITERAL_CONVERSION = YES;
				CLANG_WARN_OBJC_ROOT_CLASS = YES_ERROR;
				CLANG_WARN_QUOTED_INCLUDE_IN_FRAMEWORK_HEADER = YES;
				CLANG_WARN_RANGE_LOOP_ANALYSIS = YES;
				CLANG_WARN_STRICT_PROTOTYPES = YES;
				CLANG_WARN_SUSPICIOUS_MOVE = YES;
				CLANG_WARN_UNGUARDED_AVAILABILITY = YES_AGGRESSIVE;
				CLANG_WARN_UNREACHABLE_CODE = YES;
				CLANG_WARN__DUPLICATE_METHOD_MATCH = YES;
				COPY_PHASE_STRIP = NO;
				DEBUG_INFORMATION_FORMAT = "dwarf-with-dsym";
				ENABLE_NS_ASSERTIONS = NO;
				ENABLE_STRICT_OBJC_MSGSEND = YES;
				GCC_C_LANGUAGE_STANDARD = gnu11;
				GCC_NO_COMMON_BLOCKS = YES;
				GCC_WARN_64_TO_32_BIT_CONVERSION = YES;
				GCC_WARN_ABOUT_RETURN_TYPE = YES_ERROR;
				GCC_WARN_UNDECLARED_SELECTOR = YES;
				GCC_WARN_UNINITIALIZED_AUTOS = YES_AGGRESSIVE;
				GCC_WARN_UNUSED_FUNCTION = YES;
				GCC_WARN_UNUSED_VARIABLE = YES;
				IPHONEOS_DEPLOYMENT_TARGET = 14.4;
				MTL_ENABLE_DEBUG_INFO = NO;
				MTL_FAST_MATH = YES;
				SDKROOT = iphoneos;
				SWIFT_COMPILATION_MODE = wholemodule;
				SWIFT_OPTIMIZATION_LEVEL = "-O";
				VALIDATE_PRODUCT = YES;
			};
			name = Release;
		};
		3955AF0B2774C49700B33B3C /* Debug */ = {
			isa = XCBuildConfiguration;
			buildSettings = {
				ASSETCATALOG_COMPILER_APPICON_NAME = AppIcon;
				ASSETCATALOG_COMPILER_GLOBAL_ACCENT_COLOR_NAME = AccentColor;
				CODE_SIGN_STYLE = Automatic;
				INFOPLIST_FILE = CoresApp/Info.plist;
				LD_RUNPATH_SEARCH_PATHS = (
					"$(inherited)",
					"@executable_path/Frameworks",
				);
				PRODUCT_BUNDLE_IDENTIFIER = com.iOS.CoresApp;
				PRODUCT_NAME = "$(TARGET_NAME)";
				SWIFT_VERSION = 5.0;
				TARGETED_DEVICE_FAMILY = "1,2";
			};
			name = Debug;
		};
		3955AF0C2774C49700B33B3C /* Release */ = {
			isa = XCBuildConfiguration;
			buildSettings = {
				ASSETCATALOG_COMPILER_APPICON_NAME = AppIcon;
				ASSETCATALOG_COMPILER_GLOBAL_ACCENT_COLOR_NAME = AccentColor;
				CODE_SIGN_STYLE = Automatic;
				INFOPLIST_FILE = CoresApp/Info.plist;
				LD_RUNPATH_SEARCH_PATHS = (
					"$(inherited)",
					"@executable_path/Frameworks",
				);
				PRODUCT_BUNDLE_IDENTIFIER = com.iOS.CoresApp;
				PRODUCT_NAME = "$(TARGET_NAME)";
				SWIFT_VERSION = 5.0;
				TARGETED_DEVICE_FAMILY = "1,2";
			};
			name = Release;
		};
		3955AF0E2774C49700B33B3C /* Debug */ = {
			isa = XCBuildConfiguration;
			buildSettings = {
				ALWAYS_EMBED_SWIFT_STANDARD_LIBRARIES = YES;
				BUNDLE_LOADER = "$(TEST_HOST)";
				CODE_SIGN_STYLE = Automatic;
				INFOPLIST_FILE = CoresAppTests/Info.plist;
				IPHONEOS_DEPLOYMENT_TARGET = 14.4;
				LD_RUNPATH_SEARCH_PATHS = (
					"$(inherited)",
					"@executable_path/Frameworks",
					"@loader_path/Frameworks",
				);
				PRODUCT_BUNDLE_IDENTIFIER = com.iOS.CoresAppTests;
				PRODUCT_NAME = "$(TARGET_NAME)";
				SWIFT_VERSION = 5.0;
				TARGETED_DEVICE_FAMILY = "1,2";
				TEST_HOST = "$(BUILT_PRODUCTS_DIR)/CoresApp.app/CoresApp";
			};
			name = Debug;
		};
		3955AF0F2774C49700B33B3C /* Release */ = {
			isa = XCBuildConfiguration;
			buildSettings = {
				ALWAYS_EMBED_SWIFT_STANDARD_LIBRARIES = YES;
				BUNDLE_LOADER = "$(TEST_HOST)";
				CODE_SIGN_STYLE = Automatic;
				INFOPLIST_FILE = CoresAppTests/Info.plist;
				IPHONEOS_DEPLOYMENT_TARGET = 14.4;
				LD_RUNPATH_SEARCH_PATHS = (
					"$(inherited)",
					"@executable_path/Frameworks",
					"@loader_path/Frameworks",
				);
				PRODUCT_BUNDLE_IDENTIFIER = com.iOS.CoresAppTests;
				PRODUCT_NAME = "$(TARGET_NAME)";
				SWIFT_VERSION = 5.0;
				TARGETED_DEVICE_FAMILY = "1,2";
				TEST_HOST = "$(BUILT_PRODUCTS_DIR)/CoresApp.app/CoresApp";
			};
			name = Release;
		};
		3955AF112774C49700B33B3C /* Debug */ = {
			isa = XCBuildConfiguration;
			buildSettings = {
				ALWAYS_EMBED_SWIFT_STANDARD_LIBRARIES = YES;
				CODE_SIGN_STYLE = Automatic;
				INFOPLIST_FILE = CoresAppUITests/Info.plist;
				LD_RUNPATH_SEARCH_PATHS = (
					"$(inherited)",
					"@executable_path/Frameworks",
					"@loader_path/Frameworks",
				);
				PRODUCT_BUNDLE_IDENTIFIER = com.iOS.CoresAppUITests;
				PRODUCT_NAME = "$(TARGET_NAME)";
				SWIFT_VERSION = 5.0;
				TARGETED_DEVICE_FAMILY = "1,2";
				TEST_TARGET_NAME = CoresApp;
			};
			name = Debug;
		};
		3955AF122774C49700B33B3C /* Release */ = {
			isa = XCBuildConfiguration;
			buildSettings = {
				ALWAYS_EMBED_SWIFT_STANDARD_LIBRARIES = YES;
				CODE_SIGN_STYLE = Automatic;
				INFOPLIST_FILE = CoresAppUITests/Info.plist;
				LD_RUNPATH_SEARCH_PATHS = (
					"$(inherited)",
					"@executable_path/Frameworks",
					"@loader_path/Frameworks",
				);
				PRODUCT_BUNDLE_IDENTIFIER = com.iOS.CoresAppUITests;
				PRODUCT_NAME = "$(TARGET_NAME)";
				SWIFT_VERSION = 5.0;
				TARGETED_DEVICE_FAMILY = "1,2";
				TEST_TARGET_NAME = CoresApp;
			};
			name = Release;
		};
/* End XCBuildConfiguration section */

/* Begin XCConfigurationList section */
		3955AEDB2774C48B00B33B3C /* Build configuration list for PBXProject "CoresApp" */ = {
			isa = XCConfigurationList;
			buildConfigurations = (
				3955AF082774C49700B33B3C /* Debug */,
				3955AF092774C49700B33B3C /* Release */,
			);
			defaultConfigurationIsVisible = 0;
			defaultConfigurationName = Release;
		};
		3955AF0A2774C49700B33B3C /* Build configuration list for PBXNativeTarget "CoresApp" */ = {
			isa = XCConfigurationList;
			buildConfigurations = (
				3955AF0B2774C49700B33B3C /* Debug */,
				3955AF0C2774C49700B33B3C /* Release */,
			);
			defaultConfigurationIsVisible = 0;
			defaultConfigurationName = Release;
		};
		3955AF0D2774C49700B33B3C /* Build configuration list for PBXNativeTarget "CoresAppTests" */ = {
			isa = XCConfigurationList;
			buildConfigurations = (
				3955AF0E2774C49700B33B3C /* Debug */,
				3955AF0F2774C49700B33B3C /* Release */,
			);
			defaultConfigurationIsVisible = 0;
			defaultConfigurationName = Release;
		};
		3955AF102774C49700B33B3C /* Build configuration list for PBXNativeTarget "CoresAppUITests" */ = {
			isa = XCConfigurationList;
			buildConfigurations = (
				3955AF112774C49700B33B3C /* Debug */,
				3955AF122774C49700B33B3C /* Release */,
			);
			defaultConfigurationIsVisible = 0;
			defaultConfigurationName = Release;
		};
/* End XCConfigurationList section */
	};
	rootObject = 3955AED82774C48B00B33B3C /* Project object */;
}
